
Microsoft Visual Studio Solution File, Format Version 12.00
# Visual Studio Version 17
VisualStudioVersion = 17.3.32929.385
MinimumVisualStudioVersion = 10.0.40219.1
Project("{FAE04EC0-301F-11D3-BF4B-00C04F79EFBC}") = "ConsoleApp1", "ConsoleApp1\ConsoleApp1.csproj", "{D8B610CE-7A58-4257-9E85-DC13690B652E}"
EndProject
Global
	GlobalSection(SolutionConfigurationPlatforms) = preSolution
		Debug|Any CPU = Debug|Any CPU
		Release|Any CPU = Release|Any CPU
	EndGlobalSection
	GlobalSection(ProjectConfigurationPlatforms) = postSolution
		{D8B610CE-7A58-4257-9E85-DC13690B652E}.Debug|Any CPU.ActiveCfg = Debug|Any CPU
		{D8B610CE-7A58-4257-9E85-DC13690B652E}.Debug|Any CPU.Build.0 = Debug|Any CPU
		{D8B610CE-7A58-4257-9E85-DC13690B652E}.Release|Any CPU.ActiveCfg = Release|Any CPU
		{D8B610CE-7A58-4257-9E85-DC13690B652E}.Release|Any CPU.Build.0 = Release|Any CPU
	EndGlobalSection
	GlobalSection(SolutionProperties) = preSolution
		HideSolutionNode = FALSE
	EndGlobalSection
	GlobalSection(ExtensibilityGlobals) = postSolution
		SolutionGuid = {6AEB394B-82D5-494B-A916-5439D6B24CBA}
	EndGlobalSection
EndGlobal
